
Microsoft Visual Studio Solution File, Format Version 12.00
# Visual Studio 15
VisualStudioVersion = 15.0.28010.2048
MinimumVisualStudioVersion = 10.0.40219.1
Project("{FAE04EC0-301F-11D3-BF4B-00C04F79EFBC}") = "Wowu88 Mobile", "Wowu88 Mobile\Wowu88 Mobile.csproj", "{4A50916E-A919-4E9C-B4C6-5EAEBE1E31FD}"
EndProject
Project("{FAE04EC0-301F-11D3-BF4B-00C04F79EFBC}") = "Wowu88.Business", "Wowu88.Business\Wowu88.Business.csproj", "{D061DC23-48CE-4F90-8C09-0DF30CB12CAC}"
EndProject
Global
	GlobalSection(SolutionConfigurationPlatforms) = preSolution
		Debug|Any CPU = Debug|Any CPU
		Release|Any CPU = Release|Any CPU
	EndGlobalSection
	GlobalSection(ProjectConfigurationPlatforms) = postSolution
		{4A50916E-A919-4E9C-B4C6-5EAEBE1E31FD}.Debug|Any CPU.ActiveCfg = Debug|Any CPU
		{4A50916E-A919-4E9C-B4C6-5EAEBE1E31FD}.Debug|Any CPU.Build.0 = Debug|Any CPU
		{4A50916E-A919-4E9C-B4C6-5EAEBE1E31FD}.Release|Any CPU.ActiveCfg = Release|Any CPU
		{4A50916E-A919-4E9C-B4C6-5EAEBE1E31FD}.Release|Any CPU.Build.0 = Release|Any CPU
		{D061DC23-48CE-4F90-8C09-0DF30CB12CAC}.Debug|Any CPU.ActiveCfg = Debug|Any CPU
		{D061DC23-48CE-4F90-8C09-0DF30CB12CAC}.Debug|Any CPU.Build.0 = Debug|Any CPU
		{D061DC23-48CE-4F90-8C09-0DF30CB12CAC}.Release|Any CPU.ActiveCfg = Release|Any CPU
		{D061DC23-48CE-4F90-8C09-0DF30CB12CAC}.Release|Any CPU.Build.0 = Release|Any CPU
	EndGlobalSection
	GlobalSection(SolutionProperties) = preSolution
		HideSolutionNode = FALSE
	EndGlobalSection
	GlobalSection(ExtensibilityGlobals) = postSolution
		SolutionGuid = {3E31FC31-AAA4-4708-B70C-2093AC835EA7}
	EndGlobalSection
EndGlobal
